PODS:
  - amap_special (0.0.4):
    - AMapLocation (~> 2.6.7)
    - AMapNavi (~> 7.6.0)
    - AMapSearch (~> 7.6.0)
    - Flutter
    - MJExtension (~> 3.2.2)
  - AMapFoundation (1.6.4)
  - AMapLocation (2.6.7):
    - AMapFoundation (~> 1.6.4)
  - AMapNavi (7.6.0):
    - AMapFoundation (~> 1.6.4)
  - AMapSearch (7.6.0):
    - AMapFoundation (~> 1.6.3)
  - Flutter (1.0.0)
  - MJExtension (3.2.2)

DEPENDENCIES:
  - amap_special (from `.symlinks/plugins/amap_special/ios`)
  - Flutter (from `Flutter`)

SPEC REPOS:
  trunk:
    - AMapFoundation
    - AMapLocation
    - AMapNavi
    - AMapSearch
    - MJExtension

EXTERNAL SOURCES:
  amap_special:
    :path: ".symlinks/plugins/amap_special/ios"
  Flutter:
    :path: Flutter

SPEC CHECKSUMS:
  amap_special: e6a557cb2fa2aeb2e132fb65ed9af62a3da04ae9
  AMapFoundation: 3638198dfa40be54648570c3520edefad288286b
  AMapLocation: a46c30d9930d0f3a3bd21139d8f845d10ac3f01d
  AMapNavi: ca9fe7272aff9cede055e4cbfcb462d5a4896f8a
  AMapSearch: ea3151e626c91b1ef99ec0ec72afdbdb577e16b2
  Flutter: 0e3d915762c693b495b44d77113d4970485de6ec
  MJExtension: d9b9c74cbdeb724c1e9ecbb157b318276e62e876

PODFILE CHECKSUM: 71d46144e35dbe08c1430c21a5bcd403fd2c04e5

COCOAPODS: 1.10.0
